
Microsoft Visual Studio Solution File, Format Version 12.00
# Visual Studio Version 17
VisualStudioVersion = 17.0.32112.339
MinimumVisualStudioVersion = 10.0.40219.1
Project("{9A19103F-16F7-4668-BE54-9A1E7A4F7556}") = "Wpf01Resources", "Wpf01Resources\Wpf01Resources.csproj", "{E1BB4EBD-5627-46C2-BD5E-F5F76D7DA861}"
EndProject
Project("{9A19103F-16F7-4668-BE54-9A1E7A4F7556}") = "Wpf02Binding", "Wpf02Binding\Wpf02Binding.csproj", "{6F87CB35-56A0-4E83-971D-8E9CC9B27C23}"
EndProject
Project("{9A19103F-16F7-4668-BE54-9A1E7A4F7556}") = "Wpf03Convertors", "Wpf03Convertors\Wpf03Convertors.csproj", "{BB57C9D1-E4B2-4CE1-ADF0-C42A3F3388B8}"
EndProject
Project("{9A19103F-16F7-4668-BE54-9A1E7A4F7556}") = "Wpf04Commands", "Wpf04Commands\Wpf04Commands.csproj", "{062BBDCA-6E06-4B61-B82D-FC949390E83B}"
EndProject
Project("{9A19103F-16F7-4668-BE54-9A1E7A4F7556}") = "Wpf05Collection", "Wpf05Collection\Wpf05Collection.csproj", "{8E56769C-7C96-4A5B-A2AB-571B9344DDD9}"
EndProject
Project("{FAE04EC0-301F-11D3-BF4B-00C04F79EFBC}") = "Wpf06Styles", "Wpf06Styles\Wpf06Styles.csproj", "{04A0F497-7B40-437C-9CED-2D66D5F76820}"
EndProject
Global
	GlobalSection(SolutionConfigurationPlatforms) = preSolution
		Debug|Any CPU = Debug|Any CPU
		Release|Any CPU = Release|Any CPU
	EndGlobalSection
	GlobalSection(ProjectConfigurationPlatforms) = postSolution
		{E1BB4EBD-5627-46C2-BD5E-F5F76D7DA861}.Debug|Any CPU.ActiveCfg = Debug|Any CPU
		{E1BB4EBD-5627-46C2-BD5E-F5F76D7DA861}.Debug|Any CPU.Build.0 = Debug|Any CPU
		{E1BB4EBD-5627-46C2-BD5E-F5F76D7DA861}.Release|Any CPU.ActiveCfg = Release|Any CPU
		{E1BB4EBD-5627-46C2-BD5E-F5F76D7DA861}.Release|Any CPU.Build.0 = Release|Any CPU
		{6F87CB35-56A0-4E83-971D-8E9CC9B27C23}.Debug|Any CPU.ActiveCfg = Debug|Any CPU
		{6F87CB35-56A0-4E83-971D-8E9CC9B27C23}.Debug|Any CPU.Build.0 = Debug|Any CPU
		{6F87CB35-56A0-4E83-971D-8E9CC9B27C23}.Release|Any CPU.ActiveCfg = Release|Any CPU
		{6F87CB35-56A0-4E83-971D-8E9CC9B27C23}.Release|Any CPU.Build.0 = Release|Any CPU
		{BB57C9D1-E4B2-4CE1-ADF0-C42A3F3388B8}.Debug|Any CPU.ActiveCfg = Debug|Any CPU
		{BB57C9D1-E4B2-4CE1-ADF0-C42A3F3388B8}.Debug|Any CPU.Build.0 = Debug|Any CPU
		{BB57C9D1-E4B2-4CE1-ADF0-C42A3F3388B8}.Release|Any CPU.ActiveCfg = Release|Any CPU
		{BB57C9D1-E4B2-4CE1-ADF0-C42A3F3388B8}.Release|Any CPU.Build.0 = Release|Any CPU
		{062BBDCA-6E06-4B61-B82D-FC949390E83B}.Debug|Any CPU.ActiveCfg = Debug|Any CPU
		{062BBDCA-6E06-4B61-B82D-FC949390E83B}.Debug|Any CPU.Build.0 = Debug|Any CPU
		{062BBDCA-6E06-4B61-B82D-FC949390E83B}.Release|Any CPU.ActiveCfg = Release|Any CPU
		{062BBDCA-6E06-4B61-B82D-FC949390E83B}.Release|Any CPU.Build.0 = Release|Any CPU
		{8E56769C-7C96-4A5B-A2AB-571B9344DDD9}.Debug|Any CPU.ActiveCfg = Debug|Any CPU
		{8E56769C-7C96-4A5B-A2AB-571B9344DDD9}.Debug|Any CPU.Build.0 = Debug|Any CPU
		{8E56769C-7C96-4A5B-A2AB-571B9344DDD9}.Release|Any CPU.ActiveCfg = Release|Any CPU
		{8E56769C-7C96-4A5B-A2AB-571B9344DDD9}.Release|Any CPU.Build.0 = Release|Any CPU
		{04A0F497-7B40-437C-9CED-2D66D5F76820}.Debug|Any CPU.ActiveCfg = Debug|Any CPU
		{04A0F497-7B40-437C-9CED-2D66D5F76820}.Debug|Any CPU.Build.0 = Debug|Any CPU
		{04A0F497-7B40-437C-9CED-2D66D5F76820}.Release|Any CPU.ActiveCfg = Release|Any CPU
		{04A0F497-7B40-437C-9CED-2D66D5F76820}.Release|Any CPU.Build.0 = Release|Any CPU
	EndGlobalSection
	GlobalSection(SolutionProperties) = preSolution
		HideSolutionNode = FALSE
	EndGlobalSection
	GlobalSection(ExtensibilityGlobals) = postSolution
		SolutionGuid = {5DC5F011-CD0A-4F3D-8A76-CA3CCA9294BE}
	EndGlobalSection
EndGlobal
